// !$*UTF8*$!
{
	archiveVersion = 1;
	classes = {
	};
	objectVersion = 50;
	objects = {

/* Begin PBXBuildFile section */
		0E20E6F9C4FE71543B8ACFB2 /* Pods_Chat_App.framework in Frameworks */ = {isa = PBXBuildFile; fileRef = 1C93A3D86301A1606D9228DB /* Pods_Chat_App.framework */; };
		FAD65A4621332088004E3F44 /* Message.swift in Sources */ = {isa = PBXBuildFile; fileRef = FAD65A4521332087004E3F44 /* Message.swift */; };
		FAE281D02130625C0086BE73 /* AppDelegate.swift in Sources */ = {isa = PBXBuildFile; fileRef = FAE281CF2130625C0086BE73 /* AppDelegate.swift */; };
		FAE281D52130625C0086BE73 /* Main.storyboard in Resources */ = {isa = PBXBuildFile; fileRef = FAE281D32130625C0086BE73 /* Main.storyboard */; };
		FAE281D72130625D0086BE73 /* Assets.xcassets in Resources */ = {isa = PBXBuildFile; fileRef = FAE281D62130625D0086BE73 /* Assets.xcassets */; };
		FAE281DA2130625D0086BE73 /* LaunchScreen.storyboard in Resources */ = {isa = PBXBuildFile; fileRef = FAE281D82130625D0086BE73 /* LaunchScreen.storyboard */; };
		FAE281E2213063290086BE73 /* GoogleService-Info.plist in Resources */ = {isa = PBXBuildFile; fileRef = FAE281E1213063290086BE73 /* GoogleService-Info.plist */; };
		FAE4BCA321328F720075160B /* RegisterViewController.swift in Sources */ = {isa = PBXBuildFile; fileRef = FAE4BCA221328F710075160B /* RegisterViewController.swift */; };
		FAE4BCA521328F8F0075160B /* LogInViewController.swift in Sources */ = {isa = PBXBuildFile; fileRef = FAE4BCA421328F8F0075160B /* LogInViewController.swift */; };
		FAE4BCA721328FE20075160B /* WelcomeViewController.swift in Sources */ = {isa = PBXBuildFile; fileRef = FAE4BCA621328FE20075160B /* WelcomeViewController.swift */; };
		FAE4BCA92132BA3B0075160B /* ChatScreenViewController.swift in Sources */ = {isa = PBXBuildFile; fileRef = FAE4BCA82132BA3B0075160B /* ChatScreenViewController.swift */; };
		FAE4BCAB2132CAE40075160B /* CustomMessageCell.swift in Sources */ = {isa = PBXBuildFile; fileRef = FAE4BCAA2132CAE30075160B /* CustomMessageCell.swift */; };
		FAE4BCAD2132CAED0075160B /* MessageCell.xib in Resources */ = {isa = PBXBuildFile; fileRef = FAE4BCAC2132CAED0075160B /* MessageCell.xib */; };
/* End PBXBuildFile section */

/* Begin PBXFileReference section */
		1C93A3D86301A1606D9228DB /* Pods_Chat_App.framework */ = {isa = PBXFileReference; explicitFileType = wrapper.framework; includeInIndex = 0; path = Pods_Chat_App.framework; sourceTree = BUILT_PRODUCTS_DIR; };
		774683EBE62E36AC0F4AFD1C /* Pods-Chat_App.release.xcconfig */ = {isa = PBXFileReference; includeInIndex = 1; lastKnownFileType = text.xcconfig; name = "Pods-Chat_App.release.xcconfig"; path = "Pods/Target Support Files/Pods-Chat_App/Pods-Chat_App.release.xcconfig"; sourceTree = "<group>"; };
		A4CE10F5294F58F13ABBA465 /* Pods-Chat_App.debug.xcconfig */ = {isa = PBXFileReference; includeInIndex = 1; lastKnownFileType = text.xcconfig; name = "Pods-Chat_App.debug.xcconfig"; path = "Pods/Target Support Files/Pods-Chat_App/Pods-Chat_App.debug.xcconfig"; sourceTree = "<group>"; };
		FAD65A4521332087004E3F44 /* Message.swift */ = {isa = PBXFileReference; fileEncoding = 4; lastKnownFileType = sourcecode.swift; path = Message.swift; sourceTree = "<group>"; };
		FAE281CC2130625C0086BE73 /* Chat_App.app */ = {isa = PBXFileReference; explicitFileType = wrapper.application; includeInIndex = 0; path = Chat_App.app; sourceTree = BUILT_PRODUCTS_DIR; };
		FAE281CF2130625C0086BE73 /* AppDelegate.swift */ = {isa = PBXFileReference; lastKnownFileType = sourcecode.swift; path = AppDelegate.swift; sourceTree = "<group>"; };
		FAE281D42130625C0086BE73 /* Base */ = {isa = PBXFileReference; lastKnownFileType = file.storyboard; name = Base; path = Base.lproj/Main.storyboard; sourceTree = "<group>"; };
		FAE281D62130625D0086BE73 /* Assets.xcassets */ = {isa = PBXFileReference; lastKnownFileType = folder.assetcatalog; path = Assets.xcassets; sourceTree = "<group>"; };
		FAE281D92130625D0086BE73 /* Base */ = {isa = PBXFileReference; lastKnownFileType = file.storyboard; name = Base; path = Base.lproj/LaunchScreen.storyboard; sourceTree = "<group>"; };
		FAE281DB2130625D0086BE73 /* Info.plist */ = {isa = PBXFileReference; lastKnownFileType = text.plist.xml; path = Info.plist; sourceTree = "<group>"; };
		FAE281E1213063290086BE73 /* GoogleService-Info.plist */ = {isa = PBXFileReference; fileEncoding = 4; lastKnownFileType = text.plist.xml; path = "GoogleService-Info.plist"; sourceTree = "<group>"; };
		FAE4BCA221328F710075160B /* RegisterViewController.swift */ = {isa = PBXFileReference; lastKnownFileType = sourcecode.swift; path = RegisterViewController.swift; sourceTree = "<group>"; };
		FAE4BCA421328F8F0075160B /* LogInViewController.swift */ = {isa = PBXFileReference; lastKnownFileType = sourcecode.swift; path = LogInViewController.swift; sourceTree = "<group>"; };
		FAE4BCA621328FE20075160B /* WelcomeViewController.swift */ = {isa = PBXFileReference; lastKnownFileType = sourcecode.swift; path = WelcomeViewController.swift; sourceTree = "<group>"; };
		FAE4BCA82132BA3B0075160B /* ChatScreenViewController.swift */ = {isa = PBXFileReference; lastKnownFileType = sourcecode.swift; path = ChatScreenViewController.swift; sourceTree = "<group>"; };
		FAE4BCAA2132CAE30075160B /* CustomMessageCell.swift */ = {isa = PBXFileReference; fileEncoding = 4; lastKnownFileType = sourcecode.swift; path = CustomMessageCell.swift; sourceTree = "<group>"; };
		FAE4BCAC2132CAED0075160B /* MessageCell.xib */ = {isa = PBXFileReference; fileEncoding = 4; lastKnownFileType = file.xib; path = MessageCell.xib; sourceTree = "<group>"; };
/* End PBXFileReference section */

/* Begin PBXFrameworksBuildPhase section */
		FAE281C92130625C0086BE73 /* Frameworks */ = {
			isa = PBXFrameworksBuildPhase;
			buildActionMask = 2147483647;
			files = (
				0E20E6F9C4FE71543B8ACFB2 /* Pods_Chat_App.framework in Frameworks */,
			);
			runOnlyForDeploymentPostprocessing = 0;
		};
/* End PBXFrameworksBuildPhase section */

/* Begin PBXGroup section */
		A2E73145320691EA4B343ED8 /* Pods */ = {
			isa = PBXGroup;
			children = (
				A4CE10F5294F58F13ABBA465 /* Pods-Chat_App.debug.xcconfig */,
				774683EBE62E36AC0F4AFD1C /* Pods-Chat_App.release.xcconfig */,
			);
			name = Pods;
			sourceTree = "<group>";
		};
		D6D7C61E199EE2EF667E696A /* Frameworks */ = {
			isa = PBXGroup;
			children = (
				1C93A3D86301A1606D9228DB /* Pods_Chat_App.framework */,
			);
			name = Frameworks;
			sourceTree = "<group>";
		};
		FAE281C32130625C0086BE73 = {
			isa = PBXGroup;
			children = (
				FAE281CE2130625C0086BE73 /* Chat_App */,
				FAE281CD2130625C0086BE73 /* Products */,
				A2E73145320691EA4B343ED8 /* Pods */,
				D6D7C61E199EE2EF667E696A /* Frameworks */,
			);
			sourceTree = "<group>";
		};
		FAE281CD2130625C0086BE73 /* Products */ = {
			isa = PBXGroup;
			children = (
				FAE281CC2130625C0086BE73 /* Chat_App.app */,
			);
			name = Products;
			sourceTree = "<group>";
		};
		FAE281CE2130625C0086BE73 /* Chat_App */ = {
			isa = PBXGroup;
			children = (
				FAE4BCAA2132CAE30075160B /* CustomMessageCell.swift */,
				FAD65A4521332087004E3F44 /* Message.swift */,
				FAE4BCAC2132CAED0075160B /* MessageCell.xib */,
				FAE281CF2130625C0086BE73 /* AppDelegate.swift */,
				FAE281D32130625C0086BE73 /* Main.storyboard */,
				FAE281D62130625D0086BE73 /* Assets.xcassets */,
				FAE281D82130625D0086BE73 /* LaunchScreen.storyboard */,
				FAE281DB2130625D0086BE73 /* Info.plist */,
				FAE281E1213063290086BE73 /* GoogleService-Info.plist */,
				FAE4BCA621328FE20075160B /* WelcomeViewController.swift */,
				FAE4BCA221328F710075160B /* RegisterViewController.swift */,
				FAE4BCA421328F8F0075160B /* LogInViewController.swift */,
				FAE4BCA82132BA3B0075160B /* ChatScreenViewController.swift */,
			);
			path = Chat_App;
			sourceTree = "<group>";
		};
/* End PBXGroup section */

/* Begin PBXNativeTarget section */
		FAE281CB2130625C0086BE73 /* Chat_App */ = {
			isa = PBXNativeTarget;
			buildConfigurationList = FAE281DE2130625D0086BE73 /* Build configuration list for PBXNativeTarget "Chat_App" */;
			buildPhases = (
				24081480C85EBB0B65EDC2C0 /* [CP] Check Pods Manifest.lock */,
				FAE281C82130625C0086BE73 /* Sources */,
				FAE281C92130625C0086BE73 /* Frameworks */,
				FAE281CA2130625C0086BE73 /* Resources */,
				7F965D914B88DB36C486F587 /* [CP] Embed Pods Frameworks */,
			);
			buildRules = (
			);
			dependencies = (
			);
			name = Chat_App;
			productName = Chat_App;
			productReference = FAE281CC2130625C0086BE73 /* Chat_App.app */;
			productType = "com.apple.product-type.application";
		};
/* End PBXNativeTarget section */

/* Begin PBXProject section */
		FAE281C42130625C0086BE73 /* Project object */ = {
			isa = PBXProject;
			attributes = {
				LastSwiftUpdateCheck = 0940;
				LastUpgradeCheck = 0940;
				ORGANIZATIONNAME = "Code Drizzlers";
				TargetAttributes = {
					FAE281CB2130625C0086BE73 = {
						CreatedOnToolsVersion = 9.4;
					};
				};
			};
			buildConfigurationList = FAE281C72130625C0086BE73 /* Build configuration list for PBXProject "Chat_App" */;
			compatibilityVersion = "Xcode 9.3";
			developmentRegion = en;
			hasScannedForEncodings = 0;
			knownRegions = (
				en,
				Base,
			);
			mainGroup = FAE281C32130625C0086BE73;
			productRefGroup = FAE281CD2130625C0086BE73 /* Products */;
			projectDirPath = "";
			projectRoot = "";
			targets = (
				FAE281CB2130625C0086BE73 /* Chat_App */,
			);
		};
/* End PBXProject section */

/* Begin PBXResourcesBuildPhase section */
		FAE281CA2130625C0086BE73 /* Resources */ = {
			isa = PBXResourcesBuildPhase;
			buildActionMask = 2147483647;
			files = (
				FAE4BCAD2132CAED0075160B /* MessageCell.xib in Resources */,
				FAE281DA2130625D0086BE73 /* LaunchScreen.storyboard in Resources */,
				FAE281E2213063290086BE73 /* GoogleService-Info.plist in Resources */,
				FAE281D72130625D0086BE73 /* Assets.xcassets in Resources */,
				FAE281D52130625C0086BE73 /* Main.storyboard in Resources */,
			);
			runOnlyForDeploymentPostprocessing = 0;
		};
/* End PBXResourcesBuildPhase section */

/* Begin PBXShellScriptBuildPhase section */
		24081480C85EBB0B65EDC2C0 /* [CP] Check Pods Manifest.lock */ = {
			isa = PBXShellScriptBuildPhase;
			buildActionMask = 2147483647;
			files = (
			);
			inputPaths = (
				"${PODS_PODFILE_DIR_PATH}/Podfile.lock",
				"${PODS_ROOT}/Manifest.lock",
			);
			name = "[CP] Check Pods Manifest.lock";
			outputPaths = (
				"$(DERIVED_FILE_DIR)/Pods-Chat_App-checkManifestLockResult.txt",
			);
			runOnlyForDeploymentPostprocessing = 0;
			shellPath = /bin/sh;
			shellScript = "diff \"${PODS_PODFILE_DIR_PATH}/Podfile.lock\" \"${PODS_ROOT}/Manifest.lock\" > /dev/null\nif [ $? != 0 ] ; then\n    # print error to STDERR\n    echo \"error: The sandbox is not in sync with the Podfile.lock. Run 'pod install' or update your CocoaPods installation.\" >&2\n    exit 1\nfi\n# This output is used by Xcode 'outputs' to avoid re-running this script phase.\necho \"SUCCESS\" > \"${SCRIPT_OUTPUT_FILE_0}\"\n";
			showEnvVarsInLog = 0;
		};
		7F965D914B88DB36C486F587 /* [CP] Embed Pods Frameworks */ = {
			isa = PBXShellScriptBuildPhase;
			buildActionMask = 2147483647;
			files = (
			);
			inputPaths = (
				"${SRCROOT}/Pods/Target Support Files/Pods-Chat_App/Pods-Chat_App-frameworks.sh",
				"${BUILT_PRODUCTS_DIR}/ChameleonFramework/ChameleonFramework.framework",
				"${BUILT_PRODUCTS_DIR}/GTMSessionFetcher/GTMSessionFetcher.framework",
				"${BUILT_PRODUCTS_DIR}/GoogleUtilities/GoogleUtilities.framework",
				"${BUILT_PRODUCTS_DIR}/SVProgressHUD/SVProgressHUD.framework",
				"${BUILT_PRODUCTS_DIR}/leveldb-library/leveldb.framework",
				"${BUILT_PRODUCTS_DIR}/nanopb/nanopb.framework",
			);
			name = "[CP] Embed Pods Frameworks";
			outputPaths = (
				"${TARGET_BUILD_DIR}/${FRAMEWORKS_FOLDER_PATH}/ChameleonFramework.framework",
				"${TARGET_BUILD_DIR}/${FRAMEWORKS_FOLDER_PATH}/GTMSessionFetcher.framework",
				"${TARGET_BUILD_DIR}/${FRAMEWORKS_FOLDER_PATH}/GoogleUtilities.framework",
				"${TARGET_BUILD_DIR}/${FRAMEWORKS_FOLDER_PATH}/SVProgressHUD.framework",
				"${TARGET_BUILD_DIR}/${FRAMEWORKS_FOLDER_PATH}/leveldb.framework",
				"${TARGET_BUILD_DIR}/${FRAMEWORKS_FOLDER_PATH}/nanopb.framework",
			);
			runOnlyForDeploymentPostprocessing = 0;
			shellPath = /bin/sh;
			shellScript = "\"${SRCROOT}/Pods/Target Support Files/Pods-Chat_App/Pods-Chat_App-frameworks.sh\"\n";
			showEnvVarsInLog = 0;
		};
/* End PBXShellScriptBuildPhase section */

/* Begin PBXSourcesBuildPhase section */
		FAE281C82130625C0086BE73 /* Sources */ = {
			isa = PBXSourcesBuildPhase;
			buildActionMask = 2147483647;
			files = (
				FAE4BCAB2132CAE40075160B /* CustomMessageCell.swift in Sources */,
				FAE4BCA92132BA3B0075160B /* ChatScreenViewController.swift in Sources */,
				FAE4BCA521328F8F0075160B /* LogInViewController.swift in Sources */,
				FAE4BCA721328FE20075160B /* WelcomeViewController.swift in Sources */,
				FAE4BCA321328F720075160B /* RegisterViewController.swift in Sources */,
				FAE281D02130625C0086BE73 /* AppDelegate.swift in Sources */,
				FAD65A4621332088004E3F44 /* Message.swift in Sources */,
			);
			runOnlyForDeploymentPostprocessing = 0;
		};
/* End PBXSourcesBuildPhase section */

/* Begin PBXVariantGroup section */
		FAE281D32130625C0086BE73 /* Main.storyboard */ = {
			isa = PBXVariantGroup;
			children = (
				FAE281D42130625C0086BE73 /* Base */,
			);
			name = Main.storyboard;
			sourceTree = "<group>";
		};
		FAE281D82130625D0086BE73 /* LaunchScreen.storyboard */ = {
			isa = PBXVariantGroup;
			children = (
				FAE281D92130625D0086BE73 /* Base */,
			);
			name = LaunchScreen.storyboard;
			sourceTree = "<group>";
		};
/* End PBXVariantGroup section */

/* Begin XCBuildConfiguration section */
		FAE281DC2130625D0086BE73 /* Debug */ = {
			isa = XCBuildConfiguration;
			buildSettings = {
				ALWAYS_SEARCH_USER_PATHS = NO;
				CLANG_ANALYZER_NONNULL = YES;
				CLANG_ANALYZER_NUMBER_OBJECT_CONVERSION = YES_AGGRESSIVE;
				CLANG_CXX_LANGUAGE_STANDARD = "gnu++14";
				CLANG_CXX_LIBRARY = "libc++";
				CLANG_ENABLE_MODULES = YES;
				CLANG_ENABLE_OBJC_ARC = YES;
				CLANG_ENABLE_OBJC_WEAK = YES;
				CLANG_WARN_BLOCK_CAPTURE_AUTORELEASING = YES;
				CLANG_WARN_BOOL_CONVERSION = YES;
				CLANG_WARN_COMMA = YES;
				CLANG_WARN_CONSTANT_CONVERSION = YES;
				CLANG_WARN_DEPRECATED_OBJC_IMPLEMENTATIONS = YES;
				CLANG_WARN_DIRECT_OBJC_ISA_USAGE = YES_ERROR;
				CLANG_WARN_DOCUMENTATION_COMMENTS = YES;
				CLANG_WARN_EMPTY_BODY = YES;
				CLANG_WARN_ENUM_CONVERSION = YES;
				CLANG_WARN_INFINITE_RECURSION = YES;
				CLANG_WARN_INT_CONVERSION = YES;
				CLANG_WARN_NON_LITERAL_NULL_CONVERSION = YES;
				CLANG_WARN_OBJC_IMPLICIT_RETAIN_SELF = YES;
				CLANG_WARN_OBJC_LITERAL_CONVERSION = YES;
				CLANG_WARN_OBJC_ROOT_CLASS = YES_ERROR;
				CLANG_WARN_RANGE_LOOP_ANALYSIS = YES;
				CLANG_WARN_STRICT_PROTOTYPES = YES;
				CLANG_WARN_SUSPICIOUS_MOVE = YES;
				CLANG_WARN_UNGUARDED_AVAILABILITY = YES_AGGRESSIVE;
				CLANG_WARN_UNREACHABLE_CODE = YES;
				CLANG_WARN__DUPLICATE_METHOD_MATCH = YES;
				CODE_SIGN_IDENTITY = "iPhone Developer";
				COPY_PHASE_STRIP = NO;
				DEBUG_INFORMATION_FORMAT = dwarf;
				ENABLE_STRICT_OBJC_MSGSEND = YES;
				ENABLE_TESTABILITY = YES;
				GCC_C_LANGUAGE_STANDARD = gnu11;
				GCC_DYNAMIC_NO_PIC = NO;
				GCC_NO_COMMON_BLOCKS = YES;
				GCC_OPTIMIZATION_LEVEL = 0;
				GCC_PREPROCESSOR_DEFINITIONS = (
					"DEBUG=1",
					"$(inherited)",
				);
				GCC_WARN_64_TO_32_BIT_CONVERSION = YES;
				GCC_WARN_ABOUT_RETURN_TYPE = YES_ERROR;
				GCC_WARN_UNDECLARED_SELECTOR = YES;
				GCC_WARN_UNINITIALIZED_AUTOS = YES_AGGRESSIVE;
				GCC_WARN_UNUSED_FUNCTION = YES;
				GCC_WARN_UNUSED_VARIABLE = YES;
				IPHONEOS_DEPLOYMENT_TARGET = 11.4;
				MTL_ENABLE_DEBUG_INFO = YES;
				ONLY_ACTIVE_ARCH = YES;
				SDKROOT = iphoneos;
				SWIFT_ACTIVE_COMPILATION_CONDITIONS = DEBUG;
				SWIFT_OPTIMIZATION_LEVEL = "-Onone";
			};
			name = Debug;
		};
		FAE281DD2130625D0086BE73 /* Release */ = {
			isa = XCBuildConfiguration;
			buildSettings = {
				ALWAYS_SEARCH_USER_PATHS = NO;
				CLANG_ANALYZER_NONNULL = YES;
				CLANG_ANALYZER_NUMBER_OBJECT_CONVERSION = YES_AGGRESSIVE;
				CLANG_CXX_LANGUAGE_STANDARD = "gnu++14";
				CLANG_CXX_LIBRARY = "libc++";
				CLANG_ENABLE_MODULES = YES;
				CLANG_ENABLE_OBJC_ARC = YES;
				CLANG_ENABLE_OBJC_WEAK = YES;
				CLANG_WARN_BLOCK_CAPTURE_AUTORELEASING = YES;
				CLANG_WARN_BOOL_CONVERSION = YES;
				CLANG_WARN_COMMA = YES;
				CLANG_WARN_CONSTANT_CONVERSION = YES;
				CLANG_WARN_DEPRECATED_OBJC_IMPLEMENTATIONS = YES;
				CLANG_WARN_DIRECT_OBJC_ISA_USAGE = YES_ERROR;
				CLANG_WARN_DOCUMENTATION_COMMENTS = YES;
				CLANG_WARN_EMPTY_BODY = YES;
				CLANG_WARN_ENUM_CONVERSION = YES;
				CLANG_WARN_INFINITE_RECURSION = YES;
				CLANG_WARN_INT_CONVERSION = YES;
				CLANG_WARN_NON_LITERAL_NULL_CONVERSION = YES;
				CLANG_WARN_OBJC_IMPLICIT_RETAIN_SELF = YES;
				CLANG_WARN_OBJC_LITERAL_CONVERSION = YES;
				CLANG_WARN_OBJC_ROOT_CLASS = YES_ERROR;
				CLANG_WARN_RANGE_LOOP_ANALYSIS = YES;
				CLANG_WARN_STRICT_PROTOTYPES = YES;
				CLANG_WARN_SUSPICIOUS_MOVE = YES;
				CLANG_WARN_UNGUARDED_AVAILABILITY = YES_AGGRESSIVE;
				CLANG_WARN_UNREACHABLE_CODE = YES;
				CLANG_WARN__DUPLICATE_METHOD_MATCH = YES;
				CODE_SIGN_IDENTITY = "iPhone Developer";
				COPY_PHASE_STRIP = NO;
				DEBUG_INFORMATION_FORMAT = "dwarf-with-dsym";
				ENABLE_NS_ASSERTIONS = NO;
				ENABLE_STRICT_OBJC_MSGSEND = YES;
				GCC_C_LANGUAGE_STANDARD = gnu11;
				GCC_NO_COMMON_BLOCKS = YES;
				GCC_WARN_64_TO_32_BIT_CONVERSION = YES;
				GCC_WARN_ABOUT_RETURN_TYPE = YES_ERROR;
				GCC_WARN_UNDECLARED_SELECTOR = YES;
				GCC_WARN_UNINITIALIZED_AUTOS = YES_AGGRESSIVE;
				GCC_WARN_UNUSED_FUNCTION = YES;
				GCC_WARN_UNUSED_VARIABLE = YES;
				IPHONEOS_DEPLOYMENT_TARGET = 11.4;
				MTL_ENABLE_DEBUG_INFO = NO;
				SDKROOT = iphoneos;
				SWIFT_COMPILATION_MODE = wholemodule;
				SWIFT_OPTIMIZATION_LEVEL = "-O";
				VALIDATE_PRODUCT = YES;
			};
			name = Release;
		};
		FAE281DF2130625D0086BE73 /* Debug */ = {
			isa = XCBuildConfiguration;
			baseConfigurationReference = A4CE10F5294F58F13ABBA465 /* Pods-Chat_App.debug.xcconfig */;
			buildSettings = {
				ASSETCATALOG_COMPILER_APPICON_NAME = AppIcon;
				CODE_SIGN_STYLE = Automatic;
				INFOPLIST_FILE = Chat_App/Info.plist;
				LD_RUNPATH_SEARCH_PATHS = (
					"$(inherited)",
					"@executable_path/Frameworks",
				);
				PRODUCT_BUNDLE_IDENTIFIER = "com.codedrizzlers.Chat-App";
				PRODUCT_NAME = "$(TARGET_NAME)";
				SWIFT_VERSION = 4.0;
				TARGETED_DEVICE_FAMILY = "1,2";
			};
			name = Debug;
		};
		FAE281E02130625D0086BE73 /* Release */ = {
			isa = XCBuildConfiguration;
			baseConfigurationReference = 774683EBE62E36AC0F4AFD1C /* Pods-Chat_App.release.xcconfig */;
			buildSettings = {
				ASSETCATALOG_COMPILER_APPICON_NAME = AppIcon;
				CODE_SIGN_STYLE = Automatic;
				INFOPLIST_FILE = Chat_App/Info.plist;
				LD_RUNPATH_SEARCH_PATHS = (
					"$(inherited)",
					"@executable_path/Frameworks",
				);
				PRODUCT_BUNDLE_IDENTIFIER = "com.codedrizzlers.Chat-App";
				PRODUCT_NAME = "$(TARGET_NAME)";
				SWIFT_VERSION = 4.0;
				TARGETED_DEVICE_FAMILY = "1,2";
			};
			name = Release;
		};
/* End XCBuildConfiguration section */

/* Begin XCConfigurationList section */
		FAE281C72130625C0086BE73 /* Build configuration list for PBXProject "Chat_App" */ = {
			isa = XCConfigurationList;
			buildConfigurations = (
				FAE281DC2130625D0086BE73 /* Debug */,
				FAE281DD2130625D0086BE73 /* Release */,
			);
			defaultConfigurationIsVisible = 0;
			defaultConfigurationName = Release;
		};
		FAE281DE2130625D0086BE73 /* Build configuration list for PBXNativeTarget "Chat_App" */ = {
			isa = XCConfigurationList;
			buildConfigurations = (
				FAE281DF2130625D0086BE73 /* Debug */,
				FAE281E02130625D0086BE73 /* Release */,
			);
			defaultConfigurationIsVisible = 0;
			defaultConfigurationName = Release;
		};
/* End XCConfigurationList section */
	};
	rootObject = FAE281C42130625C0086BE73 /* Project object */;
}
